
Microsoft Visual Studio Solution File, Format Version 12.00
# Visual Studio 14
VisualStudioVersion = 14.0.24720.0
MinimumVisualStudioVersion = 10.0.40219.1
Project("{8BC9CEB8-8B4A-11D0-8D11-00A0C91BC942}") = "logsys", "logsys\logsys.vcxproj", "{153C58BB-7103-478B-8BE2-BA3DF0EC95A2}"
EndProject
Project("{8BC9CEB8-8B4A-11D0-8D11-00A0C91BC942}") = "loop_array", "loop_array\loop_array.vcxproj", "{EDFCBC80-ABEB-44E1-AA91-014518B25F7F}"
EndProject
Project("{8BC9CEB8-8B4A-11D0-8D11-00A0C91BC942}") = "serializecpp", "serializecpp\serializecpp.vcxproj", "{41974BC1-9133-47FC-88D3-D39860881105}"
EndProject
Project("{8BC9CEB8-8B4A-11D0-8D11-00A0C91BC942}") = "shared_memory", "shared_memory\shared_memory.vcxproj", "{FC613EA6-FF8B-4868-90FC-A9FAD4815F60}"
EndProject
Project("{8BC9CEB8-8B4A-11D0-8D11-00A0C91BC942}") = "socket_io", "socket_io\socket_io.vcxproj", "{7FA8FF1B-7834-443C-A17E-3FD6AC880E8D}"
EndProject
Project("{8BC9CEB8-8B4A-11D0-8D11-00A0C91BC942}") = "threadpool", "threadpool\threadpool.vcxproj", "{B94F295F-A0F9-4E7C-B2EC-0C8A6B51F067}"
EndProject
Project("{8BC9CEB8-8B4A-11D0-8D11-00A0C91BC942}") = "socket_asio", "..\vs2012\socket_asio\socket_asio.vcxproj", "{EF9FD843-2DE5-4FA3-9C16-94580EFD4C94}"
EndProject
Project("{8BC9CEB8-8B4A-11D0-8D11-00A0C91BC942}") = "segmentation_pack", "segmentation_pack\segmentation_pack.vcxproj", "{F28C8B45-C37C-49CC-B0DF-F23B74061E6C}"
EndProject
Project("{8BC9CEB8-8B4A-11D0-8D11-00A0C91BC942}") = "middleware_base", "middleware_base\middleware_base.vcxproj", "{35C5147B-15EE-448D-AC08-6A81096F09E5}"
EndProject
Project("{8BC9CEB8-8B4A-11D0-8D11-00A0C91BC942}") = "cmiddleware_base", "cmiddleware_base\cmiddleware_base.vcxproj", "{678D4668-3078-4BB1-B270-7B60683204A5}"
EndProject
Project("{8BC9CEB8-8B4A-11D0-8D11-00A0C91BC942}") = "incidental", "incidental\incidental.vcxproj", "{5FF9980C-496C-472B-9599-468D45599D9C}"
EndProject
Project("{8BC9CEB8-8B4A-11D0-8D11-00A0C91BC942}") = "protocol", "protocol\protocol.vcxproj", "{DFEEACCF-89E4-4022-B1D2-732E3DAF66B5}"
EndProject
Global
	GlobalSection(SolutionConfigurationPlatforms) = preSolution
		Debug|Win32 = Debug|Win32
		Debug|x64 = Debug|x64
		Release|Win32 = Release|Win32
		Release|x64 = Release|x64
	EndGlobalSection
	GlobalSection(ProjectConfigurationPlatforms) = postSolution
		{153C58BB-7103-478B-8BE2-BA3DF0EC95A2}.Debug|Win32.ActiveCfg = Debug|Win32
		{153C58BB-7103-478B-8BE2-BA3DF0EC95A2}.Debug|Win32.Build.0 = Debug|Win32
		{153C58BB-7103-478B-8BE2-BA3DF0EC95A2}.Debug|x64.ActiveCfg = Debug|Win32
		{153C58BB-7103-478B-8BE2-BA3DF0EC95A2}.Release|Win32.ActiveCfg = Release|Win32
		{153C58BB-7103-478B-8BE2-BA3DF0EC95A2}.Release|Win32.Build.0 = Release|Win32
		{153C58BB-7103-478B-8BE2-BA3DF0EC95A2}.Release|x64.ActiveCfg = Release|Win32
		{EDFCBC80-ABEB-44E1-AA91-014518B25F7F}.Debug|Win32.ActiveCfg = Debug|Win32
		{EDFCBC80-ABEB-44E1-AA91-014518B25F7F}.Debug|Win32.Build.0 = Debug|Win32
		{EDFCBC80-ABEB-44E1-AA91-014518B25F7F}.Debug|x64.ActiveCfg = Debug|Win32
		{EDFCBC80-ABEB-44E1-AA91-014518B25F7F}.Release|Win32.ActiveCfg = Release|Win32
		{EDFCBC80-ABEB-44E1-AA91-014518B25F7F}.Release|Win32.Build.0 = Release|Win32
		{EDFCBC80-ABEB-44E1-AA91-014518B25F7F}.Release|x64.ActiveCfg = Release|Win32
		{41974BC1-9133-47FC-88D3-D39860881105}.Debug|Win32.ActiveCfg = Debug|Win32
		{41974BC1-9133-47FC-88D3-D39860881105}.Debug|Win32.Build.0 = Debug|Win32
		{41974BC1-9133-47FC-88D3-D39860881105}.Debug|x64.ActiveCfg = Debug|Win32
		{41974BC1-9133-47FC-88D3-D39860881105}.Release|Win32.ActiveCfg = Release|Win32
		{41974BC1-9133-47FC-88D3-D39860881105}.Release|Win32.Build.0 = Release|Win32
		{41974BC1-9133-47FC-88D3-D39860881105}.Release|x64.ActiveCfg = Release|Win32
		{FC613EA6-FF8B-4868-90FC-A9FAD4815F60}.Debug|Win32.ActiveCfg = Debug|Win32
		{FC613EA6-FF8B-4868-90FC-A9FAD4815F60}.Debug|Win32.Build.0 = Debug|Win32
		{FC613EA6-FF8B-4868-90FC-A9FAD4815F60}.Debug|x64.ActiveCfg = Debug|Win32
		{FC613EA6-FF8B-4868-90FC-A9FAD4815F60}.Release|Win32.ActiveCfg = Release|Win32
		{FC613EA6-FF8B-4868-90FC-A9FAD4815F60}.Release|Win32.Build.0 = Release|Win32
		{FC613EA6-FF8B-4868-90FC-A9FAD4815F60}.Release|x64.ActiveCfg = Release|Win32
		{7FA8FF1B-7834-443C-A17E-3FD6AC880E8D}.Debug|Win32.ActiveCfg = Debug|Win32
		{7FA8FF1B-7834-443C-A17E-3FD6AC880E8D}.Debug|Win32.Build.0 = Debug|Win32
		{7FA8FF1B-7834-443C-A17E-3FD6AC880E8D}.Debug|x64.ActiveCfg = Debug|Win32
		{7FA8FF1B-7834-443C-A17E-3FD6AC880E8D}.Release|Win32.ActiveCfg = Release|Win32
		{7FA8FF1B-7834-443C-A17E-3FD6AC880E8D}.Release|Win32.Build.0 = Release|Win32
		{7FA8FF1B-7834-443C-A17E-3FD6AC880E8D}.Release|x64.ActiveCfg = Release|Win32
		{B94F295F-A0F9-4E7C-B2EC-0C8A6B51F067}.Debug|Win32.ActiveCfg = Debug|Win32
		{B94F295F-A0F9-4E7C-B2EC-0C8A6B51F067}.Debug|Win32.Build.0 = Debug|Win32
		{B94F295F-A0F9-4E7C-B2EC-0C8A6B51F067}.Debug|x64.ActiveCfg = Debug|Win32
		{B94F295F-A0F9-4E7C-B2EC-0C8A6B51F067}.Release|Win32.ActiveCfg = Release|Win32
		{B94F295F-A0F9-4E7C-B2EC-0C8A6B51F067}.Release|Win32.Build.0 = Release|Win32
		{B94F295F-A0F9-4E7C-B2EC-0C8A6B51F067}.Release|x64.ActiveCfg = Release|Win32
		{EF9FD843-2DE5-4FA3-9C16-94580EFD4C94}.Debug|Win32.ActiveCfg = Debug|Win32
		{EF9FD843-2DE5-4FA3-9C16-94580EFD4C94}.Debug|Win32.Build.0 = Debug|Win32
		{EF9FD843-2DE5-4FA3-9C16-94580EFD4C94}.Debug|x64.ActiveCfg = Debug|Win32
		{EF9FD843-2DE5-4FA3-9C16-94580EFD4C94}.Release|Win32.ActiveCfg = Release|Win32
		{EF9FD843-2DE5-4FA3-9C16-94580EFD4C94}.Release|Win32.Build.0 = Release|Win32
		{EF9FD843-2DE5-4FA3-9C16-94580EFD4C94}.Release|x64.ActiveCfg = Release|Win32
		{F28C8B45-C37C-49CC-B0DF-F23B74061E6C}.Debug|Win32.ActiveCfg = Debug|Win32
		{F28C8B45-C37C-49CC-B0DF-F23B74061E6C}.Debug|Win32.Build.0 = Debug|Win32
		{F28C8B45-C37C-49CC-B0DF-F23B74061E6C}.Debug|x64.ActiveCfg = Debug|Win32
		{F28C8B45-C37C-49CC-B0DF-F23B74061E6C}.Release|Win32.ActiveCfg = Release|Win32
		{F28C8B45-C37C-49CC-B0DF-F23B74061E6C}.Release|Win32.Build.0 = Release|Win32
		{F28C8B45-C37C-49CC-B0DF-F23B74061E6C}.Release|x64.ActiveCfg = Release|Win32
		{35C5147B-15EE-448D-AC08-6A81096F09E5}.Debug|Win32.ActiveCfg = Debug|Win32
		{35C5147B-15EE-448D-AC08-6A81096F09E5}.Debug|Win32.Build.0 = Debug|Win32
		{35C5147B-15EE-448D-AC08-6A81096F09E5}.Debug|x64.ActiveCfg = Debug|x64
		{35C5147B-15EE-448D-AC08-6A81096F09E5}.Debug|x64.Build.0 = Debug|x64
		{35C5147B-15EE-448D-AC08-6A81096F09E5}.Release|Win32.ActiveCfg = Release|Win32
		{35C5147B-15EE-448D-AC08-6A81096F09E5}.Release|Win32.Build.0 = Release|Win32
		{35C5147B-15EE-448D-AC08-6A81096F09E5}.Release|x64.ActiveCfg = Release|x64
		{35C5147B-15EE-448D-AC08-6A81096F09E5}.Release|x64.Build.0 = Release|x64
		{678D4668-3078-4BB1-B270-7B60683204A5}.Debug|Win32.ActiveCfg = Debug|Win32
		{678D4668-3078-4BB1-B270-7B60683204A5}.Debug|Win32.Build.0 = Debug|Win32
		{678D4668-3078-4BB1-B270-7B60683204A5}.Debug|x64.ActiveCfg = Debug|Win32
		{678D4668-3078-4BB1-B270-7B60683204A5}.Release|Win32.ActiveCfg = Release|Win32
		{678D4668-3078-4BB1-B270-7B60683204A5}.Release|Win32.Build.0 = Release|Win32
		{678D4668-3078-4BB1-B270-7B60683204A5}.Release|x64.ActiveCfg = Release|Win32
		{5FF9980C-496C-472B-9599-468D45599D9C}.Debug|Win32.ActiveCfg = Debug|Win32
		{5FF9980C-496C-472B-9599-468D45599D9C}.Debug|Win32.Build.0 = Debug|Win32
		{5FF9980C-496C-472B-9599-468D45599D9C}.Debug|x64.ActiveCfg = Debug|Win32
		{5FF9980C-496C-472B-9599-468D45599D9C}.Release|Win32.ActiveCfg = Release|Win32
		{5FF9980C-496C-472B-9599-468D45599D9C}.Release|Win32.Build.0 = Release|Win32
		{5FF9980C-496C-472B-9599-468D45599D9C}.Release|x64.ActiveCfg = Release|Win32
		{DFEEACCF-89E4-4022-B1D2-732E3DAF66B5}.Debug|Win32.ActiveCfg = Debug|Win32
		{DFEEACCF-89E4-4022-B1D2-732E3DAF66B5}.Debug|Win32.Build.0 = Debug|Win32
		{DFEEACCF-89E4-4022-B1D2-732E3DAF66B5}.Debug|x64.ActiveCfg = Debug|x64
		{DFEEACCF-89E4-4022-B1D2-732E3DAF66B5}.Debug|x64.Build.0 = Debug|x64
		{DFEEACCF-89E4-4022-B1D2-732E3DAF66B5}.Release|Win32.ActiveCfg = Release|Win32
		{DFEEACCF-89E4-4022-B1D2-732E3DAF66B5}.Release|Win32.Build.0 = Release|Win32
		{DFEEACCF-89E4-4022-B1D2-732E3DAF66B5}.Release|x64.ActiveCfg = Release|x64
		{DFEEACCF-89E4-4022-B1D2-732E3DAF66B5}.Release|x64.Build.0 = Release|x64
	EndGlobalSection
	GlobalSection(SolutionProperties) = preSolution
		HideSolutionNode = FALSE
	EndGlobalSection
EndGlobal
