
Microsoft Visual Studio Solution File, Format Version 12.00
# Visual Studio 2012
Project("{8BC9CEB8-8B4A-11D0-8D11-00A0C91BC942}") = "logsys", "logsys\logsys.vcxproj", "{153C58BB-7103-478B-8BE2-BA3DF0EC95A2}"
EndProject
Project("{8BC9CEB8-8B4A-11D0-8D11-00A0C91BC942}") = "loop_array", "loop_array\loop_array.vcxproj", "{EDFCBC80-ABEB-44E1-AA91-014518B25F7F}"
EndProject
Project("{8BC9CEB8-8B4A-11D0-8D11-00A0C91BC942}") = "serializecpp", "serializecpp\serializecpp.vcxproj", "{41974BC1-9133-47FC-88D3-D39860881105}"
EndProject
Project("{8BC9CEB8-8B4A-11D0-8D11-00A0C91BC942}") = "shared_memory", "shared_memory\shared_memory.vcxproj", "{FC613EA6-FF8B-4868-90FC-A9FAD4815F60}"
EndProject
Project("{8BC9CEB8-8B4A-11D0-8D11-00A0C91BC942}") = "socket_io", "socket_io\socket_io.vcxproj", "{7FA8FF1B-7834-443C-A17E-3FD6AC880E8D}"
EndProject
Project("{8BC9CEB8-8B4A-11D0-8D11-00A0C91BC942}") = "threadpool", "threadpool\threadpool.vcxproj", "{B94F295F-A0F9-4E7C-B2EC-0C8A6B51F067}"
EndProject
Project("{8BC9CEB8-8B4A-11D0-8D11-00A0C91BC942}") = "segmentation_pack", "segmentation_pack\segmentation_pack.vcxproj", "{CD2D4620-E2A6-4BC0-B3A5-A8146A2D9264}"
EndProject
Project("{8BC9CEB8-8B4A-11D0-8D11-00A0C91BC942}") = "socket_asio", "socket_asio\socket_asio.vcxproj", "{EF9FD843-2DE5-4FA3-9C16-94580EFD4C94}"
EndProject
Project("{8BC9CEB8-8B4A-11D0-8D11-00A0C91BC942}") = "cmiddleware_base", "cmiddleware_base\cmiddleware_base.vcxproj", "{678D4668-3078-4BB1-B270-7B60683204A5}"
EndProject
Project("{8BC9CEB8-8B4A-11D0-8D11-00A0C91BC942}") = "incidental", "incidental\incidental.vcxproj", "{5FF9980C-496C-472B-9599-468D45599D9C}"
EndProject
Project("{8BC9CEB8-8B4A-11D0-8D11-00A0C91BC942}") = "protocol", "protocol\protocol.vcxproj", "{BDB184A4-B564-4CF4-ACF1-80452BCC74DD}"
EndProject
Project("{8BC9CEB8-8B4A-11D0-8D11-00A0C91BC942}") = "middleware_base", "middleware_base\middleware_base.vcxproj", "{F695BBE1-C935-42D3-ABB8-A213942CAE5E}"
EndProject
Global
	GlobalSection(SolutionConfigurationPlatforms) = preSolution
		Debug|Win32 = Debug|Win32
		Release|Win32 = Release|Win32
	EndGlobalSection
	GlobalSection(ProjectConfigurationPlatforms) = postSolution
		{153C58BB-7103-478B-8BE2-BA3DF0EC95A2}.Debug|Win32.ActiveCfg = Debug|Win32
		{153C58BB-7103-478B-8BE2-BA3DF0EC95A2}.Debug|Win32.Build.0 = Debug|Win32
		{153C58BB-7103-478B-8BE2-BA3DF0EC95A2}.Release|Win32.ActiveCfg = Release|Win32
		{153C58BB-7103-478B-8BE2-BA3DF0EC95A2}.Release|Win32.Build.0 = Release|Win32
		{EDFCBC80-ABEB-44E1-AA91-014518B25F7F}.Debug|Win32.ActiveCfg = Debug|Win32
		{EDFCBC80-ABEB-44E1-AA91-014518B25F7F}.Debug|Win32.Build.0 = Debug|Win32
		{EDFCBC80-ABEB-44E1-AA91-014518B25F7F}.Release|Win32.ActiveCfg = Release|Win32
		{EDFCBC80-ABEB-44E1-AA91-014518B25F7F}.Release|Win32.Build.0 = Release|Win32
		{41974BC1-9133-47FC-88D3-D39860881105}.Debug|Win32.ActiveCfg = Debug|Win32
		{41974BC1-9133-47FC-88D3-D39860881105}.Debug|Win32.Build.0 = Debug|Win32
		{41974BC1-9133-47FC-88D3-D39860881105}.Release|Win32.ActiveCfg = Release|Win32
		{41974BC1-9133-47FC-88D3-D39860881105}.Release|Win32.Build.0 = Release|Win32
		{FC613EA6-FF8B-4868-90FC-A9FAD4815F60}.Debug|Win32.ActiveCfg = Debug|Win32
		{FC613EA6-FF8B-4868-90FC-A9FAD4815F60}.Debug|Win32.Build.0 = Debug|Win32
		{FC613EA6-FF8B-4868-90FC-A9FAD4815F60}.Release|Win32.ActiveCfg = Release|Win32
		{FC613EA6-FF8B-4868-90FC-A9FAD4815F60}.Release|Win32.Build.0 = Release|Win32
		{7FA8FF1B-7834-443C-A17E-3FD6AC880E8D}.Debug|Win32.ActiveCfg = Debug|Win32
		{7FA8FF1B-7834-443C-A17E-3FD6AC880E8D}.Debug|Win32.Build.0 = Debug|Win32
		{7FA8FF1B-7834-443C-A17E-3FD6AC880E8D}.Release|Win32.ActiveCfg = Release|Win32
		{7FA8FF1B-7834-443C-A17E-3FD6AC880E8D}.Release|Win32.Build.0 = Release|Win32
		{B94F295F-A0F9-4E7C-B2EC-0C8A6B51F067}.Debug|Win32.ActiveCfg = Debug|Win32
		{B94F295F-A0F9-4E7C-B2EC-0C8A6B51F067}.Debug|Win32.Build.0 = Debug|Win32
		{B94F295F-A0F9-4E7C-B2EC-0C8A6B51F067}.Release|Win32.ActiveCfg = Release|Win32
		{B94F295F-A0F9-4E7C-B2EC-0C8A6B51F067}.Release|Win32.Build.0 = Release|Win32
		{CD2D4620-E2A6-4BC0-B3A5-A8146A2D9264}.Debug|Win32.ActiveCfg = Debug|Win32
		{CD2D4620-E2A6-4BC0-B3A5-A8146A2D9264}.Debug|Win32.Build.0 = Debug|Win32
		{CD2D4620-E2A6-4BC0-B3A5-A8146A2D9264}.Release|Win32.ActiveCfg = Release|Win32
		{CD2D4620-E2A6-4BC0-B3A5-A8146A2D9264}.Release|Win32.Build.0 = Release|Win32
		{EF9FD843-2DE5-4FA3-9C16-94580EFD4C94}.Debug|Win32.ActiveCfg = Debug|Win32
		{EF9FD843-2DE5-4FA3-9C16-94580EFD4C94}.Debug|Win32.Build.0 = Debug|Win32
		{EF9FD843-2DE5-4FA3-9C16-94580EFD4C94}.Release|Win32.ActiveCfg = Release|Win32
		{EF9FD843-2DE5-4FA3-9C16-94580EFD4C94}.Release|Win32.Build.0 = Release|Win32
		{678D4668-3078-4BB1-B270-7B60683204A5}.Debug|Win32.ActiveCfg = Debug|Win32
		{678D4668-3078-4BB1-B270-7B60683204A5}.Debug|Win32.Build.0 = Debug|Win32
		{678D4668-3078-4BB1-B270-7B60683204A5}.Release|Win32.ActiveCfg = Release|Win32
		{678D4668-3078-4BB1-B270-7B60683204A5}.Release|Win32.Build.0 = Release|Win32
		{5FF9980C-496C-472B-9599-468D45599D9C}.Debug|Win32.ActiveCfg = Debug|Win32
		{5FF9980C-496C-472B-9599-468D45599D9C}.Debug|Win32.Build.0 = Debug|Win32
		{5FF9980C-496C-472B-9599-468D45599D9C}.Release|Win32.ActiveCfg = Release|Win32
		{5FF9980C-496C-472B-9599-468D45599D9C}.Release|Win32.Build.0 = Release|Win32
		{BDB184A4-B564-4CF4-ACF1-80452BCC74DD}.Debug|Win32.ActiveCfg = Debug|Win32
		{BDB184A4-B564-4CF4-ACF1-80452BCC74DD}.Debug|Win32.Build.0 = Debug|Win32
		{BDB184A4-B564-4CF4-ACF1-80452BCC74DD}.Release|Win32.ActiveCfg = Release|Win32
		{BDB184A4-B564-4CF4-ACF1-80452BCC74DD}.Release|Win32.Build.0 = Release|Win32
		{F695BBE1-C935-42D3-ABB8-A213942CAE5E}.Debug|Win32.ActiveCfg = Debug|Win32
		{F695BBE1-C935-42D3-ABB8-A213942CAE5E}.Debug|Win32.Build.0 = Debug|Win32
		{F695BBE1-C935-42D3-ABB8-A213942CAE5E}.Release|Win32.ActiveCfg = Release|Win32
		{F695BBE1-C935-42D3-ABB8-A213942CAE5E}.Release|Win32.Build.0 = Release|Win32
	EndGlobalSection
	GlobalSection(SolutionProperties) = preSolution
		HideSolutionNode = FALSE
	EndGlobalSection
EndGlobal
