
Microsoft Visual Studio Solution File, Format Version 12.00
# Visual Studio 2012
Project("{8BC9CEB8-8B4A-11D0-8D11-00A0C91BC942}") = "loop_array", "loop_array\loop_array\loop_array.vcxproj", "{EDFCBC80-ABEB-44E1-AA91-014518B25F7F}"
EndProject
Project("{8BC9CEB8-8B4A-11D0-8D11-00A0C91BC942}") = "serializecpp", "serializecpp\serializecpp\serializecpp.vcxproj", "{41974BC1-9133-47FC-88D3-D39860881105}"
EndProject
Project("{8BC9CEB8-8B4A-11D0-8D11-00A0C91BC942}") = "shared_memory", "shared_memory\shared_memory\shared_memory.vcxproj", "{FC613EA6-FF8B-4868-90FC-A9FAD4815F60}"
EndProject
Project("{8BC9CEB8-8B4A-11D0-8D11-00A0C91BC942}") = "socket_io", "socket_io\socket_io\socket_io.vcxproj", "{7FA8FF1B-7834-443C-A17E-3FD6AC880E8D}"
EndProject
Project("{8BC9CEB8-8B4A-11D0-8D11-00A0C91BC942}") = "threadpool", "threadpool\threadpool\threadpool.vcxproj", "{B94F295F-A0F9-4E7C-B2EC-0C8A6B51F067}"
EndProject
Project("{8BC9CEB8-8B4A-11D0-8D11-00A0C91BC942}") = "logsys", "logsys\logsys.vcxproj", "{153C58BB-7103-478B-8BE2-BA3DF0EC95A2}"
EndProject
Global
	GlobalSection(SolutionConfigurationPlatforms) = preSolution
		Debug|Win32 = Debug|Win32
		Release|Win32 = Release|Win32
	EndGlobalSection
	GlobalSection(ProjectConfigurationPlatforms) = postSolution
		{EDFCBC80-ABEB-44E1-AA91-014518B25F7F}.Debug|Win32.ActiveCfg = Debug|Win32
		{EDFCBC80-ABEB-44E1-AA91-014518B25F7F}.Debug|Win32.Build.0 = Debug|Win32
		{EDFCBC80-ABEB-44E1-AA91-014518B25F7F}.Release|Win32.ActiveCfg = Release|Win32
		{EDFCBC80-ABEB-44E1-AA91-014518B25F7F}.Release|Win32.Build.0 = Release|Win32
		{41974BC1-9133-47FC-88D3-D39860881105}.Debug|Win32.ActiveCfg = Debug|Win32
		{41974BC1-9133-47FC-88D3-D39860881105}.Debug|Win32.Build.0 = Debug|Win32
		{41974BC1-9133-47FC-88D3-D39860881105}.Release|Win32.ActiveCfg = Release|Win32
		{41974BC1-9133-47FC-88D3-D39860881105}.Release|Win32.Build.0 = Release|Win32
		{FC613EA6-FF8B-4868-90FC-A9FAD4815F60}.Debug|Win32.ActiveCfg = Debug|Win32
		{FC613EA6-FF8B-4868-90FC-A9FAD4815F60}.Debug|Win32.Build.0 = Debug|Win32
		{FC613EA6-FF8B-4868-90FC-A9FAD4815F60}.Release|Win32.ActiveCfg = Release|Win32
		{FC613EA6-FF8B-4868-90FC-A9FAD4815F60}.Release|Win32.Build.0 = Release|Win32
		{7FA8FF1B-7834-443C-A17E-3FD6AC880E8D}.Debug|Win32.ActiveCfg = Debug|Win32
		{7FA8FF1B-7834-443C-A17E-3FD6AC880E8D}.Debug|Win32.Build.0 = Debug|Win32
		{7FA8FF1B-7834-443C-A17E-3FD6AC880E8D}.Release|Win32.ActiveCfg = Release|Win32
		{7FA8FF1B-7834-443C-A17E-3FD6AC880E8D}.Release|Win32.Build.0 = Release|Win32
		{B94F295F-A0F9-4E7C-B2EC-0C8A6B51F067}.Debug|Win32.ActiveCfg = Debug|Win32
		{B94F295F-A0F9-4E7C-B2EC-0C8A6B51F067}.Debug|Win32.Build.0 = Debug|Win32
		{B94F295F-A0F9-4E7C-B2EC-0C8A6B51F067}.Release|Win32.ActiveCfg = Release|Win32
		{B94F295F-A0F9-4E7C-B2EC-0C8A6B51F067}.Release|Win32.Build.0 = Release|Win32
		{153C58BB-7103-478B-8BE2-BA3DF0EC95A2}.Debug|Win32.ActiveCfg = Debug|Win32
		{153C58BB-7103-478B-8BE2-BA3DF0EC95A2}.Debug|Win32.Build.0 = Debug|Win32
		{153C58BB-7103-478B-8BE2-BA3DF0EC95A2}.Release|Win32.ActiveCfg = Release|Win32
		{153C58BB-7103-478B-8BE2-BA3DF0EC95A2}.Release|Win32.Build.0 = Release|Win32
	EndGlobalSection
	GlobalSection(SolutionProperties) = preSolution
		HideSolutionNode = FALSE
	EndGlobalSection
EndGlobal
